
Microsoft Visual Studio Solution File, Format Version 12.00
# Visual Studio Version 17
VisualStudioVersion = 17.13.35931.197
MinimumVisualStudioVersion = 10.0.40219.1
Project("{FAE04EC0-301F-11D3-BF4B-00C04F79EFBC}") = "MothYearFolderOrganizerFront", "MothYearFolderOrganizerFront]\MothYearFolderOrganizerFront.csproj", "{E18F4C91-C8F9-4828-9F09-0B0B662B2CFF}"
EndProject
Global
	GlobalSection(SolutionConfigurationPlatforms) = preSolution
		Debug|Any CPU = Debug|Any CPU
		Release|Any CPU = Release|Any CPU
	EndGlobalSection
	GlobalSection(ProjectConfigurationPlatforms) = postSolution
		{E18F4C91-C8F9-4828-9F09-0B0B662B2CFF}.Debug|Any CPU.ActiveCfg = Debug|Any CPU
		{E18F4C91-C8F9-4828-9F09-0B0B662B2CFF}.Debug|Any CPU.Build.0 = Debug|Any CPU
		{E18F4C91-C8F9-4828-9F09-0B0B662B2CFF}.Release|Any CPU.ActiveCfg = Release|Any CPU
		{E18F4C91-C8F9-4828-9F09-0B0B662B2CFF}.Release|Any CPU.Build.0 = Release|Any CPU
	EndGlobalSection
	GlobalSection(SolutionProperties) = preSolution
		HideSolutionNode = FALSE
	EndGlobalSection
	GlobalSection(ExtensibilityGlobals) = postSolution
		SolutionGuid = {0DF7078E-CAB8-4368-8175-D93FB98CC1D1}
	EndGlobalSection
EndGlobal
